
Microsoft Visual Studio Solution File, Format Version 12.00
# Visual Studio Version 17
VisualStudioVersion = 17.13.35825.156 d17.13
MinimumVisualStudioVersion = 10.0.40219.1
Project("{FAE04EC0-301F-11D3-BF4B-00C04F79EFBC}") = "FurniAppTemplate", "FurniAppTemplate\FurniAppTemplate.csproj", "{59D86ADA-A32C-49D3-B803-A0719EC1ECB8}"
EndProject
Global
	GlobalSection(SolutionConfigurationPlatforms) = preSolution
		Debug|Any CPU = Debug|Any CPU
		Release|Any CPU = Release|Any CPU
	EndGlobalSection
	GlobalSection(ProjectConfigurationPlatforms) = postSolution
		{59D86ADA-A32C-49D3-B803-A0719EC1ECB8}.Debug|Any CPU.ActiveCfg = Debug|Any CPU
		{59D86ADA-A32C-49D3-B803-A0719EC1ECB8}.Debug|Any CPU.Build.0 = Debug|Any CPU
		{59D86ADA-A32C-49D3-B803-A0719EC1ECB8}.Release|Any CPU.ActiveCfg = Release|Any CPU
		{59D86ADA-A32C-49D3-B803-A0719EC1ECB8}.Release|Any CPU.Build.0 = Release|Any CPU
	EndGlobalSection
	GlobalSection(SolutionProperties) = preSolution
		HideSolutionNode = FALSE
	EndGlobalSection
	GlobalSection(ExtensibilityGlobals) = postSolution
		SolutionGuid = {86A0108A-A028-4A30-B9C1-65755CABE66D}
	EndGlobalSection
EndGlobal
